
Microsoft Visual Studio Solution File, Format Version 12.00
# Visual Studio Version 16
VisualStudioVersion = 16.0.30114.105
MinimumVisualStudioVersion = 10.0.40219.1
Project("{FAE04EC0-301F-11D3-BF4B-00C04F79EFBC}") = "StreamingContentRepo", "StreamingContentRepository\StreamingContentRepo.csproj", "{35884E89-97B2-425F-9A54-0B275D156593}"
EndProject
Project("{FAE04EC0-301F-11D3-BF4B-00C04F79EFBC}") = "StreamingContentProgramUI", "StreamingContentUI\StreamingContentProgramUI.csproj", "{D25C8935-AB72-4E80-A226-67780E47025F}"
EndProject
Global
	GlobalSection(SolutionConfigurationPlatforms) = preSolution
		Debug|Any CPU = Debug|Any CPU
		Release|Any CPU = Release|Any CPU
	EndGlobalSection
	GlobalSection(SolutionProperties) = preSolution
		HideSolutionNode = FALSE
	EndGlobalSection
	GlobalSection(ProjectConfigurationPlatforms) = postSolution
		{35884E89-97B2-425F-9A54-0B275D156593}.Debug|Any CPU.ActiveCfg = Debug|Any CPU
		{35884E89-97B2-425F-9A54-0B275D156593}.Debug|Any CPU.Build.0 = Debug|Any CPU
		{35884E89-97B2-425F-9A54-0B275D156593}.Release|Any CPU.ActiveCfg = Release|Any CPU
		{35884E89-97B2-425F-9A54-0B275D156593}.Release|Any CPU.Build.0 = Release|Any CPU
		{D25C8935-AB72-4E80-A226-67780E47025F}.Debug|Any CPU.ActiveCfg = Debug|Any CPU
		{D25C8935-AB72-4E80-A226-67780E47025F}.Debug|Any CPU.Build.0 = Debug|Any CPU
		{D25C8935-AB72-4E80-A226-67780E47025F}.Release|Any CPU.ActiveCfg = Release|Any CPU
		{D25C8935-AB72-4E80-A226-67780E47025F}.Release|Any CPU.Build.0 = Release|Any CPU
	EndGlobalSection
EndGlobal
